# THIS IS AN AUTOGENERATED FILE. DO NOT EDIT THIS FILE DIRECTLY.
# yarn lockfile v1


draft-js-plugins-utils@2.0.2:
  version "2.0.2"
  resolved "https://registry.yarnpkg.com/draft-js-plugins-utils/-/draft-js-plugins-utils-2.0.2.tgz#b2f8572808a2b921e079ff44d03ac7e74fb2c598"
  integrity sha512-PXbNnMDYzu7CS72+Sx1vnwqE7lcW7q9+4LiZryOjYRbv0iwdf1pj9Wgcj52JGhBK1kkUtaKR8pH1x7DkaYbHoQ==
